
Microsoft Visual Studio Solution File, Format Version 12.00
# Visual Studio 14
VisualStudioVersion = 14.0.24720.0
MinimumVisualStudioVersion = 10.0.40219.1
Project("{8BC9CEB8-8B4A-11D0-8D11-00A0C91BC942}") = "GoogleMockExample", "GoogleMockExample\GoogleMockExample.vcxproj", "{DFD813D8-E807-4E88-867C-6A9E8F8BAC69}"
EndProject
Project("{8BC9CEB8-8B4A-11D0-8D11-00A0C91BC942}") = "gtest", "gtest\gtest.vcxproj", "{79D1BEC9-5B2B-44F9-BC0E-AF8454427038}"
EndProject
Project("{8BC9CEB8-8B4A-11D0-8D11-00A0C91BC942}") = "gmock", "gmock\gmock.vcxproj", "{F0F53B96-1950-4133-BD93-352573A2B849}"
EndProject
Global
	GlobalSection(SolutionConfigurationPlatforms) = preSolution
		Debug|x64 = Debug|x64
		Debug|x86 = Debug|x86
		Release|x64 = Release|x64
		Release|x86 = Release|x86
	EndGlobalSection
	GlobalSection(ProjectConfigurationPlatforms) = postSolution
		{DFD813D8-E807-4E88-867C-6A9E8F8BAC69}.Debug|x64.ActiveCfg = Debug|x64
		{DFD813D8-E807-4E88-867C-6A9E8F8BAC69}.Debug|x64.Build.0 = Debug|x64
		{DFD813D8-E807-4E88-867C-6A9E8F8BAC69}.Debug|x86.ActiveCfg = Debug|Win32
		{DFD813D8-E807-4E88-867C-6A9E8F8BAC69}.Debug|x86.Build.0 = Debug|Win32
		{DFD813D8-E807-4E88-867C-6A9E8F8BAC69}.Release|x64.ActiveCfg = Release|x64
		{DFD813D8-E807-4E88-867C-6A9E8F8BAC69}.Release|x64.Build.0 = Release|x64
		{DFD813D8-E807-4E88-867C-6A9E8F8BAC69}.Release|x86.ActiveCfg = Release|Win32
		{DFD813D8-E807-4E88-867C-6A9E8F8BAC69}.Release|x86.Build.0 = Release|Win32
		{79D1BEC9-5B2B-44F9-BC0E-AF8454427038}.Debug|x64.ActiveCfg = Debug|x64
		{79D1BEC9-5B2B-44F9-BC0E-AF8454427038}.Debug|x64.Build.0 = Debug|x64
		{79D1BEC9-5B2B-44F9-BC0E-AF8454427038}.Debug|x86.ActiveCfg = Debug|Win32
		{79D1BEC9-5B2B-44F9-BC0E-AF8454427038}.Debug|x86.Build.0 = Debug|Win32
		{79D1BEC9-5B2B-44F9-BC0E-AF8454427038}.Release|x64.ActiveCfg = Release|x64
		{79D1BEC9-5B2B-44F9-BC0E-AF8454427038}.Release|x64.Build.0 = Release|x64
		{79D1BEC9-5B2B-44F9-BC0E-AF8454427038}.Release|x86.ActiveCfg = Release|Win32
		{79D1BEC9-5B2B-44F9-BC0E-AF8454427038}.Release|x86.Build.0 = Release|Win32
		{F0F53B96-1950-4133-BD93-352573A2B849}.Debug|x64.ActiveCfg = Debug|x64
		{F0F53B96-1950-4133-BD93-352573A2B849}.Debug|x64.Build.0 = Debug|x64
		{F0F53B96-1950-4133-BD93-352573A2B849}.Debug|x86.ActiveCfg = Debug|Win32
		{F0F53B96-1950-4133-BD93-352573A2B849}.Debug|x86.Build.0 = Debug|Win32
		{F0F53B96-1950-4133-BD93-352573A2B849}.Release|x64.ActiveCfg = Release|x64
		{F0F53B96-1950-4133-BD93-352573A2B849}.Release|x64.Build.0 = Release|x64
		{F0F53B96-1950-4133-BD93-352573A2B849}.Release|x86.ActiveCfg = Release|Win32
		{F0F53B96-1950-4133-BD93-352573A2B849}.Release|x86.Build.0 = Release|Win32
	EndGlobalSection
	GlobalSection(SolutionProperties) = preSolution
		HideSolutionNode = FALSE
	EndGlobalSection
EndGlobal
