
Microsoft Visual Studio Solution File, Format Version 12.00
# Visual Studio 14
VisualStudioVersion = 14.0.24720.0
MinimumVisualStudioVersion = 10.0.40219.1
Project("{8BC9CEB8-8B4A-11D0-8D11-00A0C91BC942}") = "gtest", "gtest\gtest.vcxproj", "{79D1BEC9-5B2B-44F9-BC0E-AF8454427038}"
EndProject
Project("{8BC9CEB8-8B4A-11D0-8D11-00A0C91BC942}") = "gmock", "gmock\gmock.vcxproj", "{F0F53B96-1950-4133-BD93-352573A2B849}"
EndProject
Project("{8BC9CEB8-8B4A-11D0-8D11-00A0C91BC942}") = "Turtle_gtest_gmock", "Turtle_gtest_gmock\Turtle_gtest_gmock.vcxproj", "{DFD813D8-E807-4E88-867C-6A9E8F8BAC69}"
EndProject
Project("{8BC9CEB8-8B4A-11D0-8D11-00A0C91BC942}") = "Turtle", "Turtle\Turtle.vcxproj", "{2A2522DC-D62A-435A-A74A-1B5C6EB09476}"
EndProject
Project("{8BC9CEB8-8B4A-11D0-8D11-00A0C91BC942}") = "Hippomocks", "Hippomocks\Hippomocks.vcxproj", "{473DA72D-FC12-417E-8E38-845A174411EA}"
EndProject
Project("{8BC9CEB8-8B4A-11D0-8D11-00A0C91BC942}") = "Turtle_gtest_Hippomocks", "Turtle_gtest_Hippomocks\Turtle_gtest_Hippomocks.vcxproj", "{E15C162A-1ABD-47FF-AAD1-5722A4D15A9E}"
EndProject
Project("{8BC9CEB8-8B4A-11D0-8D11-00A0C91BC942}") = "mockpp", "mockpp\mockpp.vcxproj", "{72976CE2-4015-4BFE-868F-456719BE7E91}"
EndProject
Project("{8BC9CEB8-8B4A-11D0-8D11-00A0C91BC942}") = "Turtle_gtest_mockpp", "Turtle_gtest_mockpp\Turtle_gtest_mockpp.vcxproj", "{D2048BEE-6A80-47A1-AA92-5B318F4262B3}"
EndProject
Project("{2150E333-8FDC-42A3-9474-1A3956D46DE8}") = "TestFrameworks", "TestFrameworks", "{9642ACCA-97F8-486A-A95F-C5702E06F438}"
EndProject
Project("{2150E333-8FDC-42A3-9474-1A3956D46DE8}") = "MockFrameworks", "MockFrameworks", "{9B7F0DF2-3577-45C6-AF72-11B7517BB7E2}"
EndProject
Global
	GlobalSection(SolutionConfigurationPlatforms) = preSolution
		Debug|x64 = Debug|x64
		Debug|x86 = Debug|x86
		Release|x64 = Release|x64
		Release|x86 = Release|x86
	EndGlobalSection
	GlobalSection(ProjectConfigurationPlatforms) = postSolution
		{79D1BEC9-5B2B-44F9-BC0E-AF8454427038}.Debug|x64.ActiveCfg = Debug|x64
		{79D1BEC9-5B2B-44F9-BC0E-AF8454427038}.Debug|x64.Build.0 = Debug|x64
		{79D1BEC9-5B2B-44F9-BC0E-AF8454427038}.Debug|x86.ActiveCfg = Debug|Win32
		{79D1BEC9-5B2B-44F9-BC0E-AF8454427038}.Debug|x86.Build.0 = Debug|Win32
		{79D1BEC9-5B2B-44F9-BC0E-AF8454427038}.Release|x64.ActiveCfg = Release|x64
		{79D1BEC9-5B2B-44F9-BC0E-AF8454427038}.Release|x64.Build.0 = Release|x64
		{79D1BEC9-5B2B-44F9-BC0E-AF8454427038}.Release|x86.ActiveCfg = Release|Win32
		{79D1BEC9-5B2B-44F9-BC0E-AF8454427038}.Release|x86.Build.0 = Release|Win32
		{F0F53B96-1950-4133-BD93-352573A2B849}.Debug|x64.ActiveCfg = Debug|x64
		{F0F53B96-1950-4133-BD93-352573A2B849}.Debug|x64.Build.0 = Debug|x64
		{F0F53B96-1950-4133-BD93-352573A2B849}.Debug|x86.ActiveCfg = Debug|Win32
		{F0F53B96-1950-4133-BD93-352573A2B849}.Debug|x86.Build.0 = Debug|Win32
		{F0F53B96-1950-4133-BD93-352573A2B849}.Release|x64.ActiveCfg = Release|x64
		{F0F53B96-1950-4133-BD93-352573A2B849}.Release|x64.Build.0 = Release|x64
		{F0F53B96-1950-4133-BD93-352573A2B849}.Release|x86.ActiveCfg = Release|Win32
		{F0F53B96-1950-4133-BD93-352573A2B849}.Release|x86.Build.0 = Release|Win32
		{DFD813D8-E807-4E88-867C-6A9E8F8BAC69}.Debug|x64.ActiveCfg = Debug|x64
		{DFD813D8-E807-4E88-867C-6A9E8F8BAC69}.Debug|x64.Build.0 = Debug|x64
		{DFD813D8-E807-4E88-867C-6A9E8F8BAC69}.Debug|x86.ActiveCfg = Debug|Win32
		{DFD813D8-E807-4E88-867C-6A9E8F8BAC69}.Debug|x86.Build.0 = Debug|Win32
		{DFD813D8-E807-4E88-867C-6A9E8F8BAC69}.Release|x64.ActiveCfg = Release|x64
		{DFD813D8-E807-4E88-867C-6A9E8F8BAC69}.Release|x64.Build.0 = Release|x64
		{DFD813D8-E807-4E88-867C-6A9E8F8BAC69}.Release|x86.ActiveCfg = Release|Win32
		{DFD813D8-E807-4E88-867C-6A9E8F8BAC69}.Release|x86.Build.0 = Release|Win32
		{2A2522DC-D62A-435A-A74A-1B5C6EB09476}.Debug|x64.ActiveCfg = Debug|x64
		{2A2522DC-D62A-435A-A74A-1B5C6EB09476}.Debug|x64.Build.0 = Debug|x64
		{2A2522DC-D62A-435A-A74A-1B5C6EB09476}.Debug|x86.ActiveCfg = Debug|Win32
		{2A2522DC-D62A-435A-A74A-1B5C6EB09476}.Debug|x86.Build.0 = Debug|Win32
		{2A2522DC-D62A-435A-A74A-1B5C6EB09476}.Release|x64.ActiveCfg = Release|x64
		{2A2522DC-D62A-435A-A74A-1B5C6EB09476}.Release|x64.Build.0 = Release|x64
		{2A2522DC-D62A-435A-A74A-1B5C6EB09476}.Release|x86.ActiveCfg = Release|Win32
		{2A2522DC-D62A-435A-A74A-1B5C6EB09476}.Release|x86.Build.0 = Release|Win32
		{473DA72D-FC12-417E-8E38-845A174411EA}.Debug|x64.ActiveCfg = Debug|x64
		{473DA72D-FC12-417E-8E38-845A174411EA}.Debug|x64.Build.0 = Debug|x64
		{473DA72D-FC12-417E-8E38-845A174411EA}.Debug|x86.ActiveCfg = Debug|Win32
		{473DA72D-FC12-417E-8E38-845A174411EA}.Debug|x86.Build.0 = Debug|Win32
		{473DA72D-FC12-417E-8E38-845A174411EA}.Release|x64.ActiveCfg = Release|x64
		{473DA72D-FC12-417E-8E38-845A174411EA}.Release|x64.Build.0 = Release|x64
		{473DA72D-FC12-417E-8E38-845A174411EA}.Release|x86.ActiveCfg = Release|Win32
		{473DA72D-FC12-417E-8E38-845A174411EA}.Release|x86.Build.0 = Release|Win32
		{E15C162A-1ABD-47FF-AAD1-5722A4D15A9E}.Debug|x64.ActiveCfg = Debug|x64
		{E15C162A-1ABD-47FF-AAD1-5722A4D15A9E}.Debug|x64.Build.0 = Debug|x64
		{E15C162A-1ABD-47FF-AAD1-5722A4D15A9E}.Debug|x86.ActiveCfg = Debug|Win32
		{E15C162A-1ABD-47FF-AAD1-5722A4D15A9E}.Debug|x86.Build.0 = Debug|Win32
		{E15C162A-1ABD-47FF-AAD1-5722A4D15A9E}.Release|x64.ActiveCfg = Release|x64
		{E15C162A-1ABD-47FF-AAD1-5722A4D15A9E}.Release|x64.Build.0 = Release|x64
		{E15C162A-1ABD-47FF-AAD1-5722A4D15A9E}.Release|x86.ActiveCfg = Release|Win32
		{E15C162A-1ABD-47FF-AAD1-5722A4D15A9E}.Release|x86.Build.0 = Release|Win32
		{72976CE2-4015-4BFE-868F-456719BE7E91}.Debug|x64.ActiveCfg = Debug|x64
		{72976CE2-4015-4BFE-868F-456719BE7E91}.Debug|x64.Build.0 = Debug|x64
		{72976CE2-4015-4BFE-868F-456719BE7E91}.Debug|x86.ActiveCfg = Debug|Win32
		{72976CE2-4015-4BFE-868F-456719BE7E91}.Debug|x86.Build.0 = Debug|Win32
		{72976CE2-4015-4BFE-868F-456719BE7E91}.Release|x64.ActiveCfg = Release|x64
		{72976CE2-4015-4BFE-868F-456719BE7E91}.Release|x64.Build.0 = Release|x64
		{72976CE2-4015-4BFE-868F-456719BE7E91}.Release|x86.ActiveCfg = Release|Win32
		{72976CE2-4015-4BFE-868F-456719BE7E91}.Release|x86.Build.0 = Release|Win32
		{D2048BEE-6A80-47A1-AA92-5B318F4262B3}.Debug|x64.ActiveCfg = Debug|x64
		{D2048BEE-6A80-47A1-AA92-5B318F4262B3}.Debug|x64.Build.0 = Debug|x64
		{D2048BEE-6A80-47A1-AA92-5B318F4262B3}.Debug|x86.ActiveCfg = Debug|Win32
		{D2048BEE-6A80-47A1-AA92-5B318F4262B3}.Debug|x86.Build.0 = Debug|Win32
		{D2048BEE-6A80-47A1-AA92-5B318F4262B3}.Release|x64.ActiveCfg = Release|x64
		{D2048BEE-6A80-47A1-AA92-5B318F4262B3}.Release|x64.Build.0 = Release|x64
		{D2048BEE-6A80-47A1-AA92-5B318F4262B3}.Release|x86.ActiveCfg = Release|Win32
		{D2048BEE-6A80-47A1-AA92-5B318F4262B3}.Release|x86.Build.0 = Release|Win32
	EndGlobalSection
	GlobalSection(SolutionProperties) = preSolution
		HideSolutionNode = FALSE
	EndGlobalSection
	GlobalSection(NestedProjects) = preSolution
		{79D1BEC9-5B2B-44F9-BC0E-AF8454427038} = {9642ACCA-97F8-486A-A95F-C5702E06F438}
		{F0F53B96-1950-4133-BD93-352573A2B849} = {9B7F0DF2-3577-45C6-AF72-11B7517BB7E2}
		{473DA72D-FC12-417E-8E38-845A174411EA} = {9B7F0DF2-3577-45C6-AF72-11B7517BB7E2}
		{72976CE2-4015-4BFE-868F-456719BE7E91} = {9B7F0DF2-3577-45C6-AF72-11B7517BB7E2}
	EndGlobalSection
EndGlobal
